<?xml version="1.0" encoding="utf-8"?>
<Project ToolsVersion="4.0" xmlns="http://schemas.microsoft.com/developer/msbuild/2003">
  <ItemGroup>
    <Filter Include="Source Files">
      <UniqueIdentifier>{4FC737F1-C7A5-4376-A066-2A32D752A2FF}</UniqueIdentifier>
      <Extensions>cpp;c;cc;cxx;c++;cppm;ixx;def;odl;idl;hpj;bat;asm;asmx</Extensions>
    </Filter>
    <Filter Include="Header Files">
      <UniqueIdentifier>{93995380-89BD-4b04-88EB-625FBE52EBFB}</UniqueIdentifier>
      <Extensions>h;hh;hpp;hxx;h++;hm;inl;inc;ipp;xsd</Extensions>
    </Filter>
    <Filter Include="Resource Files">
      <UniqueIdentifier>{67DA6AB6-F800-4c08-8B7A-83BB121AAD01}</UniqueIdentifier>
      <Extensions>rc;ico;cur;bmp;dlg;rc2;rct;bin;rgs;gif;jpg;jpeg;jpe;resx;tiff;tif;png;wav;mfcribbon-ms</Extensions>
    </Filter>
  </ItemGroup>
  <ItemGroup>
    <ClCompile Include="main.cpp">
      <Filter>Source Files</Filter>
    </ClCompile>
    <ClCompile Include="yui\Application.cpp">
      <Filter>Source Files</Filter>
    </ClCompile>
    <ClCompile Include="yui\ymd\DocumentLexer.cpp">
      <Filter>Source Files</Filter>
    </ClCompile>
    <ClCompile Include="yui\ymd\DocumentNode.cpp">
      <Filter>Source Files</Filter>
    </ClCompile>
    <ClCompile Include="yui\ymd\DocumentParser.cpp">
      <Filter>Source Files</Filter>
    </ClCompile>
    <ClCompile Include="yui\ymd\Node.cpp">
      <Filter>Source Files</Filter>
    </ClCompile>
    <ClCompile Include="yui\yss\Selector.cpp">
      <Filter>Source Files</Filter>
    </ClCompile>
    <ClCompile Include="yui\yss\StylesheetDeclaration.cpp">
      <Filter>Source Files</Filter>
    </ClCompile>
    <ClCompile Include="yui\yss\StylesheetLexer.cpp">
      <Filter>Source Files</Filter>
    </ClCompile>
    <ClCompile Include="yui\yss\StylesheetParser.cpp">
      <Filter>Source Files</Filter>
    </ClCompile>
    <ClCompile Include="yui\Window.cpp">
      <Filter>Source Files</Filter>
    </ClCompile>
    <ClCompile Include="yui\Painter.cpp">
      <Filter>Source Files</Filter>
    </ClCompile>
    <ClCompile Include="yui\ResourceLoader.cpp">
      <Filter>Source Files</Filter>
    </ClCompile>
    <ClCompile Include="yui\yss\StyleHelper.cpp">
      <Filter>Source Files</Filter>
    </ClCompile>
    <ClCompile Include="yui\layout\DocumentWidget.cpp">
      <Filter>Source Files</Filter>
    </ClCompile>
    <ClCompile Include="yui\layout\LayoutNode.cpp">
      <Filter>Source Files</Filter>
    </ClCompile>
    <ClCompile Include="yui\layout\Box.cpp">
      <Filter>Source Files</Filter>
    </ClCompile>
    <ClCompile Include="yui\layout\Inline.cpp">
      <Filter>Source Files</Filter>
    </ClCompile>
    <ClCompile Include="yui\layout\LayoutTreeDumper.cpp">
      <Filter>Source Files</Filter>
    </ClCompile>
    <ClCompile Include="yui\yss\Computed.cpp">
      <Filter>Source Files</Filter>
    </ClCompile>
    <ClCompile Include="yui\layout\Input.cpp">
      <Filter>Source Files</Filter>
    </ClCompile>
    <ClCompile Include="yui\layout\InlineCompute.cpp">
      <Filter>Source Files</Filter>
    </ClCompile>
    <ClCompile Include="yui\layout\PainterUtilities.cpp">
      <Filter>Source Files</Filter>
    </ClCompile>
    <ClCompile Include="yui\layout\BoxCompute.cpp">
      <Filter>Source Files</Filter>
    </ClCompile>
    <ClCompile Include="yui\layout\Textarea.cpp">
      <Filter>Source Files</Filter>
    </ClCompile>
    <ClCompile Include="yui\Util.cpp">
      <Filter>Source Files</Filter>
    </ClCompile>
    <ClCompile Include="yui\Utf8String.cpp">
      <Filter>Source Files</Filter>
    </ClCompile>
    <ClCompile Include="yui\layout\InlineBox.cpp">
      <Filter>Source Files</Filter>
    </ClCompile>
    <ClCompile Include="yui\layout\EditorEngine.cpp">
      <Filter>Source Files</Filter>
    </ClCompile>
    <ClCompile Include="yui\Clipboard.cpp">
      <Filter>Source Files</Filter>
    </ClCompile>
    <ClCompile Include="yui\log\Registry.cpp">
      <Filter>Source Files</Filter>
    </ClCompile>
    <ClCompile Include="yui\Datetime.cpp">
      <Filter>Source Files</Filter>
    </ClCompile>
    <ClCompile Include="yui\Stream.cpp">
      <Filter>Source Files</Filter>
    </ClCompile>
  </ItemGroup>
  <ItemGroup>
    <ClInclude Include="yui\Application.h">
      <Filter>Header Files</Filter>
    </ClInclude>
    <ClInclude Include="yui\Stream.h">
      <Filter>Header Files</Filter>
    </ClInclude>
    <ClInclude Include="yui\Util.h">
      <Filter>Header Files</Filter>
    </ClInclude>
    <ClInclude Include="yui\Badge.h">
      <Filter>Header Files</Filter>
    </ClInclude>
    <ClInclude Include="yui\ymd\DocumentLexer.h">
      <Filter>Header Files</Filter>
    </ClInclude>
    <ClInclude Include="yui\ymd\DocumentNode.h">
      <Filter>Header Files</Filter>
    </ClInclude>
    <ClInclude Include="yui\ymd\DocumentParser.h">
      <Filter>Header Files</Filter>
    </ClInclude>
    <ClInclude Include="yui\ymd\Node.h">
      <Filter>Header Files</Filter>
    </ClInclude>
    <ClInclude Include="yui\yss\Selector.h">
      <Filter>Header Files</Filter>
    </ClInclude>
    <ClInclude Include="yui\yss\StylesheetDeclaration.h">
      <Filter>Header Files</Filter>
    </ClInclude>
    <ClInclude Include="yui\yss\StylesheetLexer.h">
      <Filter>Header Files</Filter>
    </ClInclude>
    <ClInclude Include="yui\yss\StylesheetParser.h">
      <Filter>Header Files</Filter>
    </ClInclude>
    <ClInclude Include="yui\Window.h">
      <Filter>Header Files</Filter>
    </ClInclude>
    <ClInclude Include="yui\Painter.h">
      <Filter>Header Files</Filter>
    </ClInclude>
    <ClInclude Include="yui\FrameTimer.h">
      <Filter>Header Files</Filter>
    </ClInclude>
    <ClInclude Include="yui\ResourceLoader.h">
      <Filter>Header Files</Filter>
    </ClInclude>
    <ClInclude Include="yui\includes.h">
      <Filter>Header Files</Filter>
    </ClInclude>
    <ClInclude Include="assets\shaders\basic-tex.vert">
      <Filter>Header Files</Filter>
    </ClInclude>
    <ClInclude Include="yui\yss\StyleHelper.h">
      <Filter>Header Files</Filter>
    </ClInclude>
    <ClInclude Include="yui\layout\LayoutNode.h">
      <Filter>Header Files</Filter>
    </ClInclude>
    <ClInclude Include="yui\layout\DocumentWidget.h">
      <Filter>Header Files</Filter>
    </ClInclude>
    <ClInclude Include="yui\layout\Box.h">
      <Filter>Header Files</Filter>
    </ClInclude>
    <ClInclude Include="yui\layout\Inline.h">
      <Filter>Header Files</Filter>
    </ClInclude>
    <ClInclude Include="yui\layout\LayoutTreeDumper.h">
      <Filter>Header Files</Filter>
    </ClInclude>
    <ClInclude Include="yui\yss\Computed.h">
      <Filter>Header Files</Filter>
    </ClInclude>
    <ClInclude Include="yui\layout\Input.h">
      <Filter>Header Files</Filter>
    </ClInclude>
    <ClInclude Include="yui\layout\InlineCompute.h">
      <Filter>Header Files</Filter>
    </ClInclude>
    <ClInclude Include="yui\layout\PainterUtilities.h">
      <Filter>Header Files</Filter>
    </ClInclude>
    <ClInclude Include="yui\layout\BoxCompute.h">
      <Filter>Header Files</Filter>
    </ClInclude>
    <ClInclude Include="yui\io\Profiler.h">
      <Filter>Header Files</Filter>
    </ClInclude>
    <ClInclude Include="yui\layout\Textarea.h">
      <Filter>Header Files</Filter>
    </ClInclude>
    <ClInclude Include="yui\Utf8String.h">
      <Filter>Header Files</Filter>
    </ClInclude>
    <ClInclude Include="yui\Vector.h">
      <Filter>Header Files</Filter>
    </ClInclude>
    <ClInclude Include="yui\Types.h">
      <Filter>Header Files</Filter>
    </ClInclude>
    <ClInclude Include="yui\layout\InlineBox.h">
      <Filter>Header Files</Filter>
    </ClInclude>
    <ClInclude Include="yui\Optional.h">
      <Filter>Header Files</Filter>
    </ClInclude>
    <ClInclude Include="yui\layout\EditorEngine.h">
      <Filter>Header Files</Filter>
    </ClInclude>
    <ClInclude Include="yui\Clipboard.h">
      <Filter>Header Files</Filter>
    </ClInclude>
    <ClInclude Include="fmt\include\fmt\chrono.h">
      <Filter>Header Files</Filter>
    </ClInclude>
    <ClInclude Include="fmt\include\fmt\color.h">
      <Filter>Header Files</Filter>
    </ClInclude>
    <ClInclude Include="fmt\include\fmt\compile.h">
      <Filter>Header Files</Filter>
    </ClInclude>
    <ClInclude Include="fmt\include\fmt\core.h">
      <Filter>Header Files</Filter>
    </ClInclude>
    <ClInclude Include="fmt\include\fmt\format.h">
      <Filter>Header Files</Filter>
    </ClInclude>
    <ClInclude Include="fmt\include\fmt\format-inl.h">
      <Filter>Header Files</Filter>
    </ClInclude>
    <ClInclude Include="fmt\include\fmt\locale.h">
      <Filter>Header Files</Filter>
    </ClInclude>
    <ClInclude Include="fmt\include\fmt\os.h">
      <Filter>Header Files</Filter>
    </ClInclude>
    <ClInclude Include="fmt\include\fmt\ostream.h">
      <Filter>Header Files</Filter>
    </ClInclude>
    <ClInclude Include="fmt\include\fmt\posix.h">
      <Filter>Header Files</Filter>
    </ClInclude>
    <ClInclude Include="fmt\include\fmt\printf.h">
      <Filter>Header Files</Filter>
    </ClInclude>
    <ClInclude Include="fmt\include\fmt\ranges.h">
      <Filter>Header Files</Filter>
    </ClInclude>
    <ClInclude Include="yui\log\Registry.h">
      <Filter>Header Files</Filter>
    </ClInclude>
    <ClInclude Include="yui\Datetime.h">
      <Filter>Header Files</Filter>
    </ClInclude>
  </ItemGroup>
  <ItemGroup>
    <None Include="assets\shaders\basic.frag" />
    <None Include="assets\shaders\basic.vert" />
    <None Include="assets\shaders\text.frag" />
    <None Include="assets\shaders\text.vert" />
    <None Include="assets\shaders\basic-tex.frag" />
  </ItemGroup>
</Project>